
Microsoft Visual Studio Solution File, Format Version 12.00
# Visual Studio Version 17
VisualStudioVersion = 17.11.34909.67
MinimumVisualStudioVersion = 10.0.40219.1
Project("{FAE04EC0-301F-11D3-BF4B-00C04F79EFBC}") = "StoryBookApi", "StoryBookApi\StoryBookApi.csproj", "{1E244F6F-B469-4904-8080-0AFEB9C5C80E}"
EndProject
Global
	GlobalSection(SolutionConfigurationPlatforms) = preSolution
		Debug|Any CPU = Debug|Any CPU
		Release|Any CPU = Release|Any CPU
	EndGlobalSection
	GlobalSection(ProjectConfigurationPlatforms) = postSolution
		{1E244F6F-B469-4904-8080-0AFEB9C5C80E}.Debug|Any CPU.ActiveCfg = Debug|Any CPU
		{1E244F6F-B469-4904-8080-0AFEB9C5C80E}.Debug|Any CPU.Build.0 = Debug|Any CPU
		{1E244F6F-B469-4904-8080-0AFEB9C5C80E}.Release|Any CPU.ActiveCfg = Release|Any CPU
		{1E244F6F-B469-4904-8080-0AFEB9C5C80E}.Release|Any CPU.Build.0 = Release|Any CPU
	EndGlobalSection
	GlobalSection(SolutionProperties) = preSolution
		HideSolutionNode = FALSE
	EndGlobalSection
	GlobalSection(ExtensibilityGlobals) = postSolution
		SolutionGuid = {E65C82A3-B19D-4E2A-85BF-689015A9177F}
	EndGlobalSection
EndGlobal
